
Microsoft Visual Studio Solution File, Format Version 12.00
# Visual Studio Version 17
VisualStudioVersion = 17.0.31903.59
MinimumVisualStudioVersion = 10.0.40219.1
Project("{FAE04EC0-301F-11D3-BF4B-00C04F79EFBC}") = "SiniestrosViales.Domain", "SiniestrosViales.Domain\SiniestrosViales.Domain.csproj", "{6BF653CE-863D-44AC-B7E8-2049E1EC3B84}"
EndProject
Project("{FAE04EC0-301F-11D3-BF4B-00C04F79EFBC}") = "SiniestrosViales.Application", "SiniestrosViales.Application\SiniestrosViales.Application.csproj", "{9C96C441-948C-4126-9399-F858B1994D46}"
EndProject
Project("{FAE04EC0-301F-11D3-BF4B-00C04F79EFBC}") = "SiniestrosViales.Infrastructure", "SiniestrosViales.Infrastructure\SiniestrosViales.Infrastructure.csproj", "{A0CDA094-9683-4906-98E6-470B07C42EC9}"
EndProject
Project("{FAE04EC0-301F-11D3-BF4B-00C04F79EFBC}") = "SiniestrosViales.API", "SiniestrosViales.API\SiniestrosViales.API.csproj", "{6056B25B-B3A6-447B-8E62-964D66BFFA9D}"
EndProject
Project("{FAE04EC0-301F-11D3-BF4B-00C04F79EFBC}") = "SiniestrosViales.Tests", "SiniestrosViales.Tests\SiniestrosViales.Tests.csproj", "{528BEBF7-BC6F-4C5D-9A42-4983A1AF5322}"
EndProject
Project("{2150E333-8FDC-42A3-9474-1A3956D46DE8}") = "src", "src", "{02EA681E-C7D8-13C7-8484-4AC65E1B71E8}"
EndProject
Project("{2150E333-8FDC-42A3-9474-1A3956D46DE8}") = "Api", "Api", "{710A38F9-0923-4059-8288-424FE9034A93}"
EndProject
Project("{2150E333-8FDC-42A3-9474-1A3956D46DE8}") = "Application", "Application", "{D50A591F-C7EA-4861-9EF4-1825F2B61506}"
EndProject
Project("{2150E333-8FDC-42A3-9474-1A3956D46DE8}") = "Domain", "Domain", "{817EC2F9-4935-4FD0-96F9-D1B9667A401F}"
EndProject
Project("{2150E333-8FDC-42A3-9474-1A3956D46DE8}") = "Infrastructure", "Infrastructure", "{DDEA71BF-3372-4EEC-A90B-E612AEA15929}"
EndProject
Project("{2150E333-8FDC-42A3-9474-1A3956D46DE8}") = "Tests", "Tests", "{D86AD057-CC82-4565-AE8C-70791B74E743}"
EndProject
Global
	GlobalSection(SolutionConfigurationPlatforms) = preSolution
		Debug|Any CPU = Debug|Any CPU
		Debug|x64 = Debug|x64
		Debug|x86 = Debug|x86
		Release|Any CPU = Release|Any CPU
		Release|x64 = Release|x64
		Release|x86 = Release|x86
	EndGlobalSection
	GlobalSection(ProjectConfigurationPlatforms) = postSolution
		{6BF653CE-863D-44AC-B7E8-2049E1EC3B84}.Debug|Any CPU.ActiveCfg = Debug|Any CPU
		{6BF653CE-863D-44AC-B7E8-2049E1EC3B84}.Debug|Any CPU.Build.0 = Debug|Any CPU
		{6BF653CE-863D-44AC-B7E8-2049E1EC3B84}.Debug|x64.ActiveCfg = Debug|Any CPU
		{6BF653CE-863D-44AC-B7E8-2049E1EC3B84}.Debug|x64.Build.0 = Debug|Any CPU
		{6BF653CE-863D-44AC-B7E8-2049E1EC3B84}.Debug|x86.ActiveCfg = Debug|Any CPU
		{6BF653CE-863D-44AC-B7E8-2049E1EC3B84}.Debug|x86.Build.0 = Debug|Any CPU
		{6BF653CE-863D-44AC-B7E8-2049E1EC3B84}.Release|Any CPU.ActiveCfg = Release|Any CPU
		{6BF653CE-863D-44AC-B7E8-2049E1EC3B84}.Release|Any CPU.Build.0 = Release|Any CPU
		{6BF653CE-863D-44AC-B7E8-2049E1EC3B84}.Release|x64.ActiveCfg = Release|Any CPU
		{6BF653CE-863D-44AC-B7E8-2049E1EC3B84}.Release|x64.Build.0 = Release|Any CPU
		{6BF653CE-863D-44AC-B7E8-2049E1EC3B84}.Release|x86.ActiveCfg = Release|Any CPU
		{6BF653CE-863D-44AC-B7E8-2049E1EC3B84}.Release|x86.Build.0 = Release|Any CPU
		{9C96C441-948C-4126-9399-F858B1994D46}.Debug|Any CPU.ActiveCfg = Debug|Any CPU
		{9C96C441-948C-4126-9399-F858B1994D46}.Debug|Any CPU.Build.0 = Debug|Any CPU
		{9C96C441-948C-4126-9399-F858B1994D46}.Debug|x64.ActiveCfg = Debug|Any CPU
		{9C96C441-948C-4126-9399-F858B1994D46}.Debug|x64.Build.0 = Debug|Any CPU
		{9C96C441-948C-4126-9399-F858B1994D46}.Debug|x86.ActiveCfg = Debug|Any CPU
		{9C96C441-948C-4126-9399-F858B1994D46}.Debug|x86.Build.0 = Debug|Any CPU
		{9C96C441-948C-4126-9399-F858B1994D46}.Release|Any CPU.ActiveCfg = Release|Any CPU
		{9C96C441-948C-4126-9399-F858B1994D46}.Release|Any CPU.Build.0 = Release|Any CPU
		{9C96C441-948C-4126-9399-F858B1994D46}.Release|x64.ActiveCfg = Release|Any CPU
		{9C96C441-948C-4126-9399-F858B1994D46}.Release|x64.Build.0 = Release|Any CPU
		{9C96C441-948C-4126-9399-F858B1994D46}.Release|x86.ActiveCfg = Release|Any CPU
		{9C96C441-948C-4126-9399-F858B1994D46}.Release|x86.Build.0 = Release|Any CPU
		{A0CDA094-9683-4906-98E6-470B07C42EC9}.Debug|Any CPU.ActiveCfg = Debug|Any CPU
		{A0CDA094-9683-4906-98E6-470B07C42EC9}.Debug|Any CPU.Build.0 = Debug|Any CPU
		{A0CDA094-9683-4906-98E6-470B07C42EC9}.Debug|x64.ActiveCfg = Debug|Any CPU
		{A0CDA094-9683-4906-98E6-470B07C42EC9}.Debug|x64.Build.0 = Debug|Any CPU
		{A0CDA094-9683-4906-98E6-470B07C42EC9}.Debug|x86.ActiveCfg = Debug|Any CPU
		{A0CDA094-9683-4906-98E6-470B07C42EC9}.Debug|x86.Build.0 = Debug|Any CPU
		{A0CDA094-9683-4906-98E6-470B07C42EC9}.Release|Any CPU.ActiveCfg = Release|Any CPU
		{A0CDA094-9683-4906-98E6-470B07C42EC9}.Release|Any CPU.Build.0 = Release|Any CPU
		{A0CDA094-9683-4906-98E6-470B07C42EC9}.Release|x64.ActiveCfg = Release|Any CPU
		{A0CDA094-9683-4906-98E6-470B07C42EC9}.Release|x64.Build.0 = Release|Any CPU
		{A0CDA094-9683-4906-98E6-470B07C42EC9}.Release|x86.ActiveCfg = Release|Any CPU
		{A0CDA094-9683-4906-98E6-470B07C42EC9}.Release|x86.Build.0 = Release|Any CPU
		{6056B25B-B3A6-447B-8E62-964D66BFFA9D}.Debug|Any CPU.ActiveCfg = Debug|Any CPU
		{6056B25B-B3A6-447B-8E62-964D66BFFA9D}.Debug|Any CPU.Build.0 = Debug|Any CPU
		{6056B25B-B3A6-447B-8E62-964D66BFFA9D}.Debug|x64.ActiveCfg = Debug|Any CPU
		{6056B25B-B3A6-447B-8E62-964D66BFFA9D}.Debug|x64.Build.0 = Debug|Any CPU
		{6056B25B-B3A6-447B-8E62-964D66BFFA9D}.Debug|x86.ActiveCfg = Debug|Any CPU
		{6056B25B-B3A6-447B-8E62-964D66BFFA9D}.Debug|x86.Build.0 = Debug|Any CPU
		{6056B25B-B3A6-447B-8E62-964D66BFFA9D}.Release|Any CPU.ActiveCfg = Release|Any CPU
		{6056B25B-B3A6-447B-8E62-964D66BFFA9D}.Release|Any CPU.Build.0 = Release|Any CPU
		{6056B25B-B3A6-447B-8E62-964D66BFFA9D}.Release|x64.ActiveCfg = Release|Any CPU
		{6056B25B-B3A6-447B-8E62-964D66BFFA9D}.Release|x64.Build.0 = Release|Any CPU
		{6056B25B-B3A6-447B-8E62-964D66BFFA9D}.Release|x86.ActiveCfg = Release|Any CPU
		{6056B25B-B3A6-447B-8E62-964D66BFFA9D}.Release|x86.Build.0 = Release|Any CPU
		{528BEBF7-BC6F-4C5D-9A42-4983A1AF5322}.Debug|Any CPU.ActiveCfg = Debug|Any CPU
		{528BEBF7-BC6F-4C5D-9A42-4983A1AF5322}.Debug|Any CPU.Build.0 = Debug|Any CPU
		{528BEBF7-BC6F-4C5D-9A42-4983A1AF5322}.Debug|x64.ActiveCfg = Debug|Any CPU
		{528BEBF7-BC6F-4C5D-9A42-4983A1AF5322}.Debug|x64.Build.0 = Debug|Any CPU
		{528BEBF7-BC6F-4C5D-9A42-4983A1AF5322}.Debug|x86.ActiveCfg = Debug|Any CPU
		{528BEBF7-BC6F-4C5D-9A42-4983A1AF5322}.Debug|x86.Build.0 = Debug|Any CPU
		{528BEBF7-BC6F-4C5D-9A42-4983A1AF5322}.Release|Any CPU.ActiveCfg = Release|Any CPU
		{528BEBF7-BC6F-4C5D-9A42-4983A1AF5322}.Release|Any CPU.Build.0 = Release|Any CPU
		{528BEBF7-BC6F-4C5D-9A42-4983A1AF5322}.Release|x64.ActiveCfg = Release|Any CPU
		{528BEBF7-BC6F-4C5D-9A42-4983A1AF5322}.Release|x64.Build.0 = Release|Any CPU
		{528BEBF7-BC6F-4C5D-9A42-4983A1AF5322}.Release|x86.ActiveCfg = Release|Any CPU
		{528BEBF7-BC6F-4C5D-9A42-4983A1AF5322}.Release|x86.Build.0 = Release|Any CPU
	EndGlobalSection
	GlobalSection(SolutionProperties) = preSolution
		HideSolutionNode = FALSE
	EndGlobalSection
	GlobalSection(NestedProjects) = preSolution
		{6BF653CE-863D-44AC-B7E8-2049E1EC3B84} = {817EC2F9-4935-4FD0-96F9-D1B9667A401F}
		{9C96C441-948C-4126-9399-F858B1994D46} = {D50A591F-C7EA-4861-9EF4-1825F2B61506}
		{A0CDA094-9683-4906-98E6-470B07C42EC9} = {DDEA71BF-3372-4EEC-A90B-E612AEA15929}
		{6056B25B-B3A6-447B-8E62-964D66BFFA9D} = {710A38F9-0923-4059-8288-424FE9034A93}
		{528BEBF7-BC6F-4C5D-9A42-4983A1AF5322} = {D86AD057-CC82-4565-AE8C-70791B74E743}
		{710A38F9-0923-4059-8288-424FE9034A93} = {02EA681E-C7D8-13C7-8484-4AC65E1B71E8}
		{D50A591F-C7EA-4861-9EF4-1825F2B61506} = {02EA681E-C7D8-13C7-8484-4AC65E1B71E8}
		{817EC2F9-4935-4FD0-96F9-D1B9667A401F} = {02EA681E-C7D8-13C7-8484-4AC65E1B71E8}
		{DDEA71BF-3372-4EEC-A90B-E612AEA15929} = {02EA681E-C7D8-13C7-8484-4AC65E1B71E8}
	EndGlobalSection
	GlobalSection(ExtensibilityGlobals) = postSolution
		SolutionGuid = {761823C0-09C7-43DC-B192-A7F78472DEC6}
	EndGlobalSection
EndGlobal
